
Microsoft Visual Studio Solution File, Format Version 12.00
# Visual Studio Version 17
VisualStudioVersion = 17.11.35303.130
MinimumVisualStudioVersion = 10.0.40219.1
Project("{FAE04EC0-301F-11D3-BF4B-00C04F79EFBC}") = "MidiDriverOrderForKorg", "MidiDriverOrderForKorg\MidiDriverOrderForKorg.csproj", "{17577AC7-1C6A-4331-8335-4EA8759CD836}"
EndProject
Project("{FAE04EC0-301F-11D3-BF4B-00C04F79EFBC}") = "MidiDriverOrderForKorg.Tests", "MidiDriverOrderForKorg.Tests\MidiDriverOrderForKorg.Tests.csproj", "{679DEBD0-1DB6-4F81-9DCD-BF960A3E78F6}"
EndProject
Global
	GlobalSection(SolutionConfigurationPlatforms) = preSolution
		Debug|Any CPU = Debug|Any CPU
		Release|Any CPU = Release|Any CPU
	EndGlobalSection
	GlobalSection(ProjectConfigurationPlatforms) = postSolution
		{17577AC7-1C6A-4331-8335-4EA8759CD836}.Debug|Any CPU.ActiveCfg = Debug|Any CPU
		{17577AC7-1C6A-4331-8335-4EA8759CD836}.Debug|Any CPU.Build.0 = Debug|Any CPU
		{17577AC7-1C6A-4331-8335-4EA8759CD836}.Release|Any CPU.ActiveCfg = Release|Any CPU
		{17577AC7-1C6A-4331-8335-4EA8759CD836}.Release|Any CPU.Build.0 = Release|Any CPU
		{679DEBD0-1DB6-4F81-9DCD-BF960A3E78F6}.Debug|Any CPU.ActiveCfg = Debug|Any CPU
		{679DEBD0-1DB6-4F81-9DCD-BF960A3E78F6}.Debug|Any CPU.Build.0 = Debug|Any CPU
		{679DEBD0-1DB6-4F81-9DCD-BF960A3E78F6}.Release|Any CPU.ActiveCfg = Release|Any CPU
		{679DEBD0-1DB6-4F81-9DCD-BF960A3E78F6}.Release|Any CPU.Build.0 = Release|Any CPU
	EndGlobalSection
	GlobalSection(SolutionProperties) = preSolution
		HideSolutionNode = FALSE
	EndGlobalSection
	GlobalSection(ExtensibilityGlobals) = postSolution
		SolutionGuid = {636D70FB-80CC-42D1-99C9-962262DB86C9}
	EndGlobalSection
EndGlobal
